
Microsoft Visual Studio Solution File, Format Version 12.00
# Visual Studio Version 17
VisualStudioVersion = 17.10.35013.160
MinimumVisualStudioVersion = 10.0.40219.1
Project("{8BC9CEB8-8B4A-11D0-8D11-00A0C91BC942}") = "CoopAndreas", "CoopAndreas.vcxproj", "{74F97605-E0AE-EFFA-69A3-E9D1D557E6FE}"
EndProject
Project("{8BC9CEB8-8B4A-11D0-8D11-00A0C91BC942}") = "server", "..\server\server.vcxproj", "{19ABDCD1-A404-4BFE-B2AC-67D5845A42F3}"
EndProject
Project("{8BC9CEB8-8B4A-11D0-8D11-00A0C91BC942}") = "Proxy", "..\Proxy\Proxy.vcxproj", "{8DCE0245-C330-483F-98A0-E00614807ECF}"
EndProject
Global
	GlobalSection(SolutionConfigurationPlatforms) = preSolution
		Debug|Any CPU = Debug|Any CPU
		Debug|Win32 = Debug|Win32
		Debug|x64 = Debug|x64
		Release|Any CPU = Release|Any CPU
		Release|Win32 = Release|Win32
		Release|x64 = Release|x64
	EndGlobalSection
	GlobalSection(ProjectConfigurationPlatforms) = postSolution
		{74F97605-E0AE-EFFA-69A3-E9D1D557E6FE}.Debug|Any CPU.ActiveCfg = Debug|Win32
		{74F97605-E0AE-EFFA-69A3-E9D1D557E6FE}.Debug|Any CPU.Build.0 = Debug|Win32
		{74F97605-E0AE-EFFA-69A3-E9D1D557E6FE}.Debug|Win32.ActiveCfg = Debug|Win32
		{74F97605-E0AE-EFFA-69A3-E9D1D557E6FE}.Debug|Win32.Build.0 = Debug|Win32
		{74F97605-E0AE-EFFA-69A3-E9D1D557E6FE}.Debug|x64.ActiveCfg = Debug|Win32
		{74F97605-E0AE-EFFA-69A3-E9D1D557E6FE}.Debug|x64.Build.0 = Debug|Win32
		{74F97605-E0AE-EFFA-69A3-E9D1D557E6FE}.Release|Any CPU.ActiveCfg = Release|Win32
		{74F97605-E0AE-EFFA-69A3-E9D1D557E6FE}.Release|Any CPU.Build.0 = Release|Win32
		{74F97605-E0AE-EFFA-69A3-E9D1D557E6FE}.Release|Win32.ActiveCfg = Release|Win32
		{74F97605-E0AE-EFFA-69A3-E9D1D557E6FE}.Release|Win32.Build.0 = Release|Win32
		{74F97605-E0AE-EFFA-69A3-E9D1D557E6FE}.Release|x64.ActiveCfg = Release|Win32
		{74F97605-E0AE-EFFA-69A3-E9D1D557E6FE}.Release|x64.Build.0 = Release|Win32
		{19ABDCD1-A404-4BFE-B2AC-67D5845A42F3}.Debug|Any CPU.ActiveCfg = Debug|x64
		{19ABDCD1-A404-4BFE-B2AC-67D5845A42F3}.Debug|Any CPU.Build.0 = Debug|x64
		{19ABDCD1-A404-4BFE-B2AC-67D5845A42F3}.Debug|Win32.ActiveCfg = Debug|Win32
		{19ABDCD1-A404-4BFE-B2AC-67D5845A42F3}.Debug|Win32.Build.0 = Debug|Win32
		{19ABDCD1-A404-4BFE-B2AC-67D5845A42F3}.Debug|x64.ActiveCfg = Debug|x64
		{19ABDCD1-A404-4BFE-B2AC-67D5845A42F3}.Debug|x64.Build.0 = Debug|x64
		{19ABDCD1-A404-4BFE-B2AC-67D5845A42F3}.Release|Any CPU.ActiveCfg = Release|x64
		{19ABDCD1-A404-4BFE-B2AC-67D5845A42F3}.Release|Any CPU.Build.0 = Release|x64
		{19ABDCD1-A404-4BFE-B2AC-67D5845A42F3}.Release|Win32.ActiveCfg = Release|Win32
		{19ABDCD1-A404-4BFE-B2AC-67D5845A42F3}.Release|Win32.Build.0 = Release|Win32
		{19ABDCD1-A404-4BFE-B2AC-67D5845A42F3}.Release|x64.ActiveCfg = Release|x64
		{19ABDCD1-A404-4BFE-B2AC-67D5845A42F3}.Release|x64.Build.0 = Release|x64
		{8DCE0245-C330-483F-98A0-E00614807ECF}.Debug|Any CPU.ActiveCfg = Debug|x64
		{8DCE0245-C330-483F-98A0-E00614807ECF}.Debug|Any CPU.Build.0 = Debug|x64
		{8DCE0245-C330-483F-98A0-E00614807ECF}.Debug|Win32.ActiveCfg = Debug|Win32
		{8DCE0245-C330-483F-98A0-E00614807ECF}.Debug|Win32.Build.0 = Debug|Win32
		{8DCE0245-C330-483F-98A0-E00614807ECF}.Debug|x64.ActiveCfg = Debug|x64
		{8DCE0245-C330-483F-98A0-E00614807ECF}.Debug|x64.Build.0 = Debug|x64
		{8DCE0245-C330-483F-98A0-E00614807ECF}.Release|Any CPU.ActiveCfg = Release|x64
		{8DCE0245-C330-483F-98A0-E00614807ECF}.Release|Any CPU.Build.0 = Release|x64
		{8DCE0245-C330-483F-98A0-E00614807ECF}.Release|Win32.ActiveCfg = Release|Win32
		{8DCE0245-C330-483F-98A0-E00614807ECF}.Release|Win32.Build.0 = Release|Win32
		{8DCE0245-C330-483F-98A0-E00614807ECF}.Release|x64.ActiveCfg = Release|x64
		{8DCE0245-C330-483F-98A0-E00614807ECF}.Release|x64.Build.0 = Release|x64
	EndGlobalSection
	GlobalSection(SolutionProperties) = preSolution
		HideSolutionNode = FALSE
	EndGlobalSection
	GlobalSection(ExtensibilityGlobals) = postSolution
		SolutionGuid = {AF575921-886A-4EB0-BF31-49B77B6136E3}
	EndGlobalSection
EndGlobal
