
Microsoft Visual Studio Solution File, Format Version 12.00
# Visual Studio Version 17
VisualStudioVersion = 17.9.34622.214
MinimumVisualStudioVersion = 10.0.40219.1
Project("{FAE04EC0-301F-11D3-BF4B-00C04F79EFBC}") = "CoopAndreasNET", "CoopAndreasNET\CoopAndreasNET.csproj", "{30A5BB0A-A9AE-495C-89FC-4749D8278E9F}"
EndProject
Project("{8BC9CEB8-8B4A-11D0-8D11-00A0C91BC942}") = "GameSDK", "GameSDK\GameSDK.vcxproj", "{A4378155-33A2-450A-BD0A-D090991FA651}"
EndProject
Project("{FAE04EC0-301F-11D3-BF4B-00C04F79EFBC}") = "Server", "Server\Server.csproj", "{377F6BFE-D9B5-44DF-B488-B75035A982F1}"
EndProject
Global
	GlobalSection(SolutionConfigurationPlatforms) = preSolution
		Debug|Any CPU = Debug|Any CPU
		Debug|x64 = Debug|x64
		Debug|x86 = Debug|x86
		Release|Any CPU = Release|Any CPU
		Release|x64 = Release|x64
		Release|x86 = Release|x86
	EndGlobalSection
	GlobalSection(ProjectConfigurationPlatforms) = postSolution
		{30A5BB0A-A9AE-495C-89FC-4749D8278E9F}.Debug|Any CPU.ActiveCfg = Debug|Any CPU
		{30A5BB0A-A9AE-495C-89FC-4749D8278E9F}.Debug|Any CPU.Build.0 = Debug|Any CPU
		{30A5BB0A-A9AE-495C-89FC-4749D8278E9F}.Debug|x64.ActiveCfg = Debug|Any CPU
		{30A5BB0A-A9AE-495C-89FC-4749D8278E9F}.Debug|x64.Build.0 = Debug|Any CPU
		{30A5BB0A-A9AE-495C-89FC-4749D8278E9F}.Debug|x86.ActiveCfg = Debug|Any CPU
		{30A5BB0A-A9AE-495C-89FC-4749D8278E9F}.Debug|x86.Build.0 = Debug|Any CPU
		{30A5BB0A-A9AE-495C-89FC-4749D8278E9F}.Release|Any CPU.ActiveCfg = Release|Any CPU
		{30A5BB0A-A9AE-495C-89FC-4749D8278E9F}.Release|Any CPU.Build.0 = Release|Any CPU
		{30A5BB0A-A9AE-495C-89FC-4749D8278E9F}.Release|x64.ActiveCfg = Release|Any CPU
		{30A5BB0A-A9AE-495C-89FC-4749D8278E9F}.Release|x64.Build.0 = Release|Any CPU
		{30A5BB0A-A9AE-495C-89FC-4749D8278E9F}.Release|x86.ActiveCfg = Release|Any CPU
		{30A5BB0A-A9AE-495C-89FC-4749D8278E9F}.Release|x86.Build.0 = Release|Any CPU
		{A4378155-33A2-450A-BD0A-D090991FA651}.Debug|Any CPU.ActiveCfg = Debug|x64
		{A4378155-33A2-450A-BD0A-D090991FA651}.Debug|Any CPU.Build.0 = Debug|x64
		{A4378155-33A2-450A-BD0A-D090991FA651}.Debug|x64.ActiveCfg = Debug|x64
		{A4378155-33A2-450A-BD0A-D090991FA651}.Debug|x64.Build.0 = Debug|x64
		{A4378155-33A2-450A-BD0A-D090991FA651}.Debug|x86.ActiveCfg = Debug|Win32
		{A4378155-33A2-450A-BD0A-D090991FA651}.Debug|x86.Build.0 = Debug|Win32
		{A4378155-33A2-450A-BD0A-D090991FA651}.Release|Any CPU.ActiveCfg = Release|x64
		{A4378155-33A2-450A-BD0A-D090991FA651}.Release|Any CPU.Build.0 = Release|x64
		{A4378155-33A2-450A-BD0A-D090991FA651}.Release|x64.ActiveCfg = Release|x64
		{A4378155-33A2-450A-BD0A-D090991FA651}.Release|x64.Build.0 = Release|x64
		{A4378155-33A2-450A-BD0A-D090991FA651}.Release|x86.ActiveCfg = Release|Win32
		{A4378155-33A2-450A-BD0A-D090991FA651}.Release|x86.Build.0 = Release|Win32
		{377F6BFE-D9B5-44DF-B488-B75035A982F1}.Debug|Any CPU.ActiveCfg = Debug|Any CPU
		{377F6BFE-D9B5-44DF-B488-B75035A982F1}.Debug|Any CPU.Build.0 = Debug|Any CPU
		{377F6BFE-D9B5-44DF-B488-B75035A982F1}.Debug|x64.ActiveCfg = Debug|Any CPU
		{377F6BFE-D9B5-44DF-B488-B75035A982F1}.Debug|x64.Build.0 = Debug|Any CPU
		{377F6BFE-D9B5-44DF-B488-B75035A982F1}.Debug|x86.ActiveCfg = Debug|Any CPU
		{377F6BFE-D9B5-44DF-B488-B75035A982F1}.Debug|x86.Build.0 = Debug|Any CPU
		{377F6BFE-D9B5-44DF-B488-B75035A982F1}.Release|Any CPU.ActiveCfg = Release|Any CPU
		{377F6BFE-D9B5-44DF-B488-B75035A982F1}.Release|Any CPU.Build.0 = Release|Any CPU
		{377F6BFE-D9B5-44DF-B488-B75035A982F1}.Release|x64.ActiveCfg = Release|Any CPU
		{377F6BFE-D9B5-44DF-B488-B75035A982F1}.Release|x64.Build.0 = Release|Any CPU
		{377F6BFE-D9B5-44DF-B488-B75035A982F1}.Release|x86.ActiveCfg = Release|Any CPU
		{377F6BFE-D9B5-44DF-B488-B75035A982F1}.Release|x86.Build.0 = Release|Any CPU
	EndGlobalSection
	GlobalSection(SolutionProperties) = preSolution
		HideSolutionNode = FALSE
	EndGlobalSection
	GlobalSection(ExtensibilityGlobals) = postSolution
		SolutionGuid = {221F510B-EFED-4051-8ACA-50C70ADF12C6}
	EndGlobalSection
EndGlobal
