<?xml version="1.0" encoding="utf-8"?>
<Project ToolsVersion="4.0" xmlns="http://schemas.microsoft.com/developer/msbuild/2003">
  <ItemGroup>
    <ClCompile Include="CNetwork.cpp" />
    <ClCompile Include="server.cpp" />
    <ClCompile Include="CNetworkPed.cpp">
      <Filter>Entity\Types</Filter>
    </ClCompile>
    <ClCompile Include="CNetworkPlayer.cpp">
      <Filter>Entity\Types</Filter>
    </ClCompile>
    <ClCompile Include="CNetworkVehicle.cpp">
      <Filter>Entity\Types</Filter>
    </ClCompile>
    <ClCompile Include="CNetworkPlayerManager.cpp">
      <Filter>Entity\Manager\Types</Filter>
    </ClCompile>
  </ItemGroup>
  <ItemGroup>
    <ClInclude Include="CNetwork.h" />
    <ClInclude Include="CPackets.h" />
    <ClInclude Include="eNetworkEntityType.h" />
    <ClInclude Include="stdafx.h" />
    <ClInclude Include="CControllerState.h" />
    <ClInclude Include="CVector.h" />
    <ClInclude Include="CNetworkEntity.h">
      <Filter>Entity</Filter>
    </ClInclude>
    <ClInclude Include="Modelable.h">
      <Filter>Entity\Abstract</Filter>
    </ClInclude>
    <ClInclude Include="Driveable.h">
      <Filter>Entity\Abstract</Filter>
    </ClInclude>
    <ClInclude Include="PlayerSyncData.h">
      <Filter>Entity\Data</Filter>
    </ClInclude>
    <ClInclude Include="VehicleSyncData.h">
      <Filter>Entity\Data</Filter>
    </ClInclude>
    <ClInclude Include="PedSyncData.h">
      <Filter>Entity\Data</Filter>
    </ClInclude>
    <ClInclude Include="CNetworkPed.h">
      <Filter>Entity\Types</Filter>
    </ClInclude>
    <ClInclude Include="CNetworkPlayer.h">
      <Filter>Entity\Types</Filter>
    </ClInclude>
    <ClInclude Include="CNetworkVehicle.h">
      <Filter>Entity\Types</Filter>
    </ClInclude>
    <ClInclude Include="CNetworkPlayerManager.h">
      <Filter>Entity\Manager\Types</Filter>
    </ClInclude>
    <ClInclude Include="CNetworkPedManager.h">
      <Filter>Entity\Manager\Types</Filter>
    </ClInclude>
    <ClInclude Include="CNetworkVehicleManager.h">
      <Filter>Entity\Manager\Types</Filter>
    </ClInclude>
    <ClInclude Include="CNetworkEntityManager.h">
      <Filter>Entity\Manager</Filter>
    </ClInclude>
  </ItemGroup>
  <ItemGroup>
    <Filter Include="Entity">
      <UniqueIdentifier>{61e527a4-30a2-455d-ad20-a182dfd50f53}</UniqueIdentifier>
    </Filter>
    <Filter Include="Entity\Abstract">
      <UniqueIdentifier>{51a07a20-3851-41b7-887b-efb6b59ccea6}</UniqueIdentifier>
    </Filter>
    <Filter Include="Entity\Data">
      <UniqueIdentifier>{c7a52846-bf4e-4ec1-b54f-81363dd3a3c7}</UniqueIdentifier>
    </Filter>
    <Filter Include="Entity\Manager">
      <UniqueIdentifier>{3a68e2ab-bda9-4a93-8e16-0f1a2c2738be}</UniqueIdentifier>
    </Filter>
    <Filter Include="Entity\Types">
      <UniqueIdentifier>{de0cddb7-52ad-41d3-9298-214f43d1aa1c}</UniqueIdentifier>
    </Filter>
    <Filter Include="Entity\Manager\Types">
      <UniqueIdentifier>{1de97af6-8fad-426a-ab90-a9cd94c01f07}</UniqueIdentifier>
    </Filter>
  </ItemGroup>
</Project>