<?xml version="1.0" encoding="utf-8"?>
<Project ToolsVersion="4.0" xmlns="http://schemas.microsoft.com/developer/msbuild/2003">
  <ItemGroup>
    <ClCompile Include="CNetwork.cpp" />
    <ClCompile Include="CPedManager.cpp" />
    <ClCompile Include="CNetworkPlayerManager.cpp" />
    <ClCompile Include="CVehicleManager.cpp" />
    <ClCompile Include="server.cpp" />
    <ClCompile Include="CNetworkPed.cpp">
      <Filter>Entity</Filter>
    </ClCompile>
    <ClCompile Include="CNetworkPlayer.cpp">
      <Filter>Entity</Filter>
    </ClCompile>
    <ClCompile Include="CNetworkVehicle.cpp">
      <Filter>Entity</Filter>
    </ClCompile>
    <ClCompile Include="CNetworkEntity.cpp">
      <Filter>Entity</Filter>
    </ClCompile>
  </ItemGroup>
  <ItemGroup>
    <ClInclude Include="CNetwork.h" />
    <ClInclude Include="CPackets.h" />
    <ClInclude Include="CPedManager.h" />
    <ClInclude Include="CNetworkPlayerManager.h" />
    <ClInclude Include="CVehicleManager.h" />
    <ClInclude Include="eNetworkEntityType.h" />
    <ClInclude Include="IPacket.h" />
    <ClInclude Include="stdafx.h" />
    <ClInclude Include="CControllerState.h" />
    <ClInclude Include="CVector.h" />
    <ClInclude Include="CNetworkEntity.h">
      <Filter>Entity</Filter>
    </ClInclude>
    <ClInclude Include="CNetworkPed.h">
      <Filter>Entity</Filter>
    </ClInclude>
    <ClInclude Include="CNetworkPlayer.h">
      <Filter>Entity</Filter>
    </ClInclude>
    <ClInclude Include="CNetworkVehicle.h">
      <Filter>Entity</Filter>
    </ClInclude>
    <ClInclude Include="Modelable.h">
      <Filter>Entity\Abstract</Filter>
    </ClInclude>
    <ClInclude Include="Driveable.h">
      <Filter>Entity\Abstract</Filter>
    </ClInclude>
  </ItemGroup>
  <ItemGroup>
    <Filter Include="Entity">
      <UniqueIdentifier>{61e527a4-30a2-455d-ad20-a182dfd50f53}</UniqueIdentifier>
    </Filter>
    <Filter Include="Entity\Abstract">
      <UniqueIdentifier>{51a07a20-3851-41b7-887b-efb6b59ccea6}</UniqueIdentifier>
    </Filter>
  </ItemGroup>
</Project>