<?xml version="1.0" encoding="utf-8"?>
<Project ToolsVersion="4.0" xmlns="http://schemas.microsoft.com/developer/msbuild/2003">
  <ItemGroup>
    <Filter Include="Source Files">
      <UniqueIdentifier>{4FC737F1-C7A5-4376-A066-2A32D752A2FF}</UniqueIdentifier>
      <Extensions>cpp;c;cc;cxx;c++;cppm;ixx;def;odl;idl;hpj;bat;asm;asmx</Extensions>
    </Filter>
    <Filter Include="Header Files">
      <UniqueIdentifier>{93995380-89BD-4b04-88EB-625FBE52EBFB}</UniqueIdentifier>
      <Extensions>h;hh;hpp;hxx;h++;hm;inl;inc;ipp;xsd</Extensions>
    </Filter>
    <Filter Include="Header Files\struct">
      <UniqueIdentifier>{355f711d-9ee2-4888-8aee-56b57be8bd7d}</UniqueIdentifier>
    </Filter>
    <Filter Include="Resource Files">
      <UniqueIdentifier>{8e74f652-7a2c-4a80-9fe3-dee42f7a4d5f}</UniqueIdentifier>
    </Filter>
    <Filter Include="Source Files\INIReader">
      <UniqueIdentifier>{b861eeac-3bb5-4daf-8534-88ce7c6235cb}</UniqueIdentifier>
    </Filter>
  </ItemGroup>
  <ItemGroup>
    <ClCompile Include="main.cpp">
      <Filter>Source Files</Filter>
    </ClCompile>
    <ClCompile Include="src/CNetwork.cpp">
      <Filter>Source Files</Filter>
    </ClCompile>
    <ClCompile Include="src/CPlayer.cpp">
      <Filter>Source Files</Filter>
    </ClCompile>
    <ClCompile Include="src/CPlayerManager.cpp">
      <Filter>Source Files</Filter>
    </ClCompile>
    <ClCompile Include="src/CVehicleManager.cpp">
      <Filter>Source Files</Filter>
    </ClCompile>
    <ClCompile Include="src/CVehicle.cpp">
      <Filter>Source Files</Filter>
    </ClCompile>
    <ClCompile Include="src/CPedManager.cpp">
      <Filter>Source Files</Filter>
    </ClCompile>
    <ClCompile Include="src/CPed.cpp">
      <Filter>Source Files</Filter>
    </ClCompile>
    <ClCompile Include="thirdparty-libraries\INIReader\cpp\INIReader.cpp">
      <Filter>Source Files\INIReader</Filter>
    </ClCompile>
    <ClCompile Include="thirdparty-libraries\INIReader\ini.c">
      <Filter>Source Files\INIReader</Filter>
    </ClCompile>
    <ClCompile Include="src/ConfigManager.cpp">
      <Filter>Source Files</Filter>
    </ClCompile>
  </ItemGroup>
  <ItemGroup>
    <ClInclude Include="core/CNetwork.h">
      <Filter>Header Files</Filter>
    </ClInclude>
    <ClInclude Include="core/CPlayer.h">
      <Filter>Header Files</Filter>
    </ClInclude>
    <ClInclude Include="core/CPlayerManager.h">
      <Filter>Header Files</Filter>
    </ClInclude>
    <ClInclude Include="core/CVector.h">
      <Filter>Header Files\struct</Filter>
    </ClInclude>
    <ClInclude Include="core/CControllerState.h">
      <Filter>Header Files\struct</Filter>
    </ClInclude>
    <ClInclude Include="core/CPacket.h">
      <Filter>Header Files</Filter>
    </ClInclude>
    <ClInclude Include="core/CVehicleManager.h">
      <Filter>Header Files</Filter>
    </ClInclude>
    <ClInclude Include="core/CVehicle.h">
      <Filter>Header Files</Filter>
    </ClInclude>
    <ClInclude Include="core/CPedManager.h">
      <Filter>Header Files</Filter>
    </ClInclude>
    <ClInclude Include="core/CPed.h">
      <Filter>Header Files</Filter>
    </ClInclude>
    <ClInclude Include="core/NetworkEntityType.h">
      <Filter>Header Files\struct</Filter>
    </ClInclude>
    <ClInclude Include="core/VehicleDoorState.h">
      <Filter>Header Files\struct</Filter>
    </ClInclude>
    <ClInclude Include="core/CPacketListener.h">
      <Filter>Header Files</Filter>
    </ClInclude>
    <ClInclude Include="resource.h">
      <Filter>Resource Files</Filter>
    </ClInclude>
    <ClInclude Include="src\core\PlayerDisconnectReason.h">
      <Filter>Header Files</Filter>
    </ClInclude>
    <ClInclude Include="core/ConfigManager.h">
      <Filter>Header Files</Filter>
    </ClInclude>
  </ItemGroup>
  <ItemGroup>
    <ResourceCompile Include="version.rc">
      <Filter>Resource Files</Filter>
    </ResourceCompile>
  </ItemGroup>
</Project>